
Microsoft Visual Studio Solution File, Format Version 12.00
# Visual Studio Version 17
VisualStudioVersion = 17.10.34928.147
MinimumVisualStudioVersion = 10.0.40219.1
Project("{FAE04EC0-301F-11D3-BF4B-00C04F79EFBC}") = "Atividade H1 2", "Atividade H1 2.csproj", "{FB9CFC42-4A73-41F1-9E40-7BB164B77A1C}"
EndProject
Global
	GlobalSection(SolutionConfigurationPlatforms) = preSolution
		Debug|Any CPU = Debug|Any CPU
		Release|Any CPU = Release|Any CPU
	EndGlobalSection
	GlobalSection(ProjectConfigurationPlatforms) = postSolution
		{FB9CFC42-4A73-41F1-9E40-7BB164B77A1C}.Debug|Any CPU.ActiveCfg = Debug|Any CPU
		{FB9CFC42-4A73-41F1-9E40-7BB164B77A1C}.Debug|Any CPU.Build.0 = Debug|Any CPU
		{FB9CFC42-4A73-41F1-9E40-7BB164B77A1C}.Release|Any CPU.ActiveCfg = Release|Any CPU
		{FB9CFC42-4A73-41F1-9E40-7BB164B77A1C}.Release|Any CPU.Build.0 = Release|Any CPU
	EndGlobalSection
	GlobalSection(SolutionProperties) = preSolution
		HideSolutionNode = FALSE
	EndGlobalSection
	GlobalSection(ExtensibilityGlobals) = postSolution
		SolutionGuid = {FE5FC250-8D24-4A76-A405-85AA8775BD87}
	EndGlobalSection
EndGlobal
